
Microsoft Visual Studio Solution File, Format Version 12.00
# Visual Studio Version 17
VisualStudioVersion = 17.13.35825.156 d17.13
MinimumVisualStudioVersion = 10.0.40219.1
Project("{FAE04EC0-301F-11D3-BF4B-00C04F79EFBC}") = "ZENITH", "ZENITH.csproj", "{299342B4-DFD3-48B1-A309-312EECD57FCE}"
EndProject
Global
	GlobalSection(SolutionConfigurationPlatforms) = preSolution
		Debug|Any CPU = Debug|Any CPU
		Release|Any CPU = Release|Any CPU
	EndGlobalSection
	GlobalSection(ProjectConfigurationPlatforms) = postSolution
		{299342B4-DFD3-48B1-A309-312EECD57FCE}.Debug|Any CPU.ActiveCfg = Debug|Any CPU
		{299342B4-DFD3-48B1-A309-312EECD57FCE}.Debug|Any CPU.Build.0 = Debug|Any CPU
		{299342B4-DFD3-48B1-A309-312EECD57FCE}.Release|Any CPU.ActiveCfg = Release|Any CPU
		{299342B4-DFD3-48B1-A309-312EECD57FCE}.Release|Any CPU.Build.0 = Release|Any CPU
	EndGlobalSection
	GlobalSection(SolutionProperties) = preSolution
		HideSolutionNode = FALSE
	EndGlobalSection
	GlobalSection(ExtensibilityGlobals) = postSolution
		SolutionGuid = {3EB83408-E33A-4DAA-BC7A-B2A2EAF60069}
	EndGlobalSection
EndGlobal
